{
  "name": "@rollbar/js",
  "version": "1.0.0",
  "lockfileVersion": 3,
  "requires": true,
  "packages": {
    "": {
      "name": "@rollbar/js",
      "version": "1.0.0",
      "license": "MIT",
      "devDependencies": {
        "turbo": "^1.12.5"
      }
    },
    "node_modules/turbo": {
      "version": "1.12.5",
      "resolved": "https://registry.npmjs.org/turbo/-/turbo-1.12.5.tgz",
      "integrity": "sha512-FATU5EnhrYG8RvQJYFJnDd18DpccDjyvd53hggw9T9JEg9BhWtIEoeaKtBjYbpXwOVrJQMDdXcIB4f2nD3QPPg==",
      "dev": true,
      "bin": {
        "turbo": "bin/turbo"
      },
      "optionalDependencies": {
        "turbo-darwin-64": "1.12.5",
        "turbo-darwin-arm64": "1.12.5",
        "turbo-linux-64": "1.12.5",
        "turbo-linux-arm64": "1.12.5",
        "turbo-windows-64": "1.12.5",
        "turbo-windows-arm64": "1.12.5"
      }
    },
    "node_modules/turbo-darwin-64": {
      "version": "1.12.5",
      "resolved": "https://registry.npmjs.org/turbo-darwin-64/-/turbo-darwin-64-1.12.5.tgz",
      "integrity": "sha512-0GZ8reftwNQgIQLHkHjHEXTc/Z1NJm+YjsrBP+qhM/7yIZ3TEy9gJhuogDt2U0xIWwFgisTyzbtU7xNaQydtoA==",
      "cpu": [
        "x64"
      ],
      "dev": true,
      "optional": true,
      "os": [
        "darwin"
      ]
    },
    "node_modules/turbo-darwin-arm64": {
      "version": "1.12.5",
      "resolved": "https://registry.npmjs.org/turbo-darwin-arm64/-/turbo-darwin-arm64-1.12.5.tgz",
      "integrity": "sha512-8WpOLNNzvH6kohQOjihD+gaWL+ZFNfjvBwhOF0rjEzvW+YR3Pa7KjhulrjWyeN2yMFqAPubTbZIGOz1EVXLuQA==",
      "cpu": [
        "arm64"
      ],
      "dev": true,
      "optional": true,
      "os": [
        "darwin"
      ]
    },
    "node_modules/turbo-linux-64": {
      "version": "1.12.5",
      "resolved": "https://registry.npmjs.org/turbo-linux-64/-/turbo-linux-64-1.12.5.tgz",
      "integrity": "sha512-INit73+bNUpwqGZCxgXCR3I+cQsdkQ3/LkfkgSOibkpg+oGqxJRzeXw3sp990d7SCoE8QOcs3iw+PtiFX/LDAA==",
      "cpu": [
        "x64"
      ],
      "dev": true,
      "optional": true,
      "os": [
        "linux"
      ]
    },
    "node_modules/turbo-linux-arm64": {
      "version": "1.12.5",
      "resolved": "https://registry.npmjs.org/turbo-linux-arm64/-/turbo-linux-arm64-1.12.5.tgz",
      "integrity": "sha512-6lkRBvxtI/GQdGtaAec9LvVQUoRw6nXFp0kM+Eu+5PbZqq7yn6cMkgDJLI08zdeui36yXhone8XGI8pHg8bpUQ==",
      "cpu": [
        "arm64"
      ],
      "dev": true,
      "optional": true,
      "os": [
        "linux"
      ]
    },
    "node_modules/turbo-windows-64": {
      "version": "1.12.5",
      "resolved": "https://registry.npmjs.org/turbo-windows-64/-/turbo-windows-64-1.12.5.tgz",
      "integrity": "sha512-gQYbOhZg5Ww0bQ/bC0w/4W6yQRwBumUUnkB+QPo15VznwxZe2a7bo6JM+9Xy9dKLa/kn+p7zTqme4OEp6M3/Yg==",
      "cpu": [
        "x64"
      ],
      "dev": true,
      "optional": true,
      "os": [
        "win32"
      ]
    },
    "node_modules/turbo-windows-arm64": {
      "version": "1.12.5",
      "resolved": "https://registry.npmjs.org/turbo-windows-arm64/-/turbo-windows-arm64-1.12.5.tgz",
      "integrity": "sha512-auvhZ9FrhnvQ4mgBlY9O68MT4dIfprYGvd2uPICba/mHUZZvVy5SGgbHJ0KbMwaJfnnFoPgLJO6M+3N2gDprKw==",
      "cpu": [
        "arm64"
      ],
      "dev": true,
      "optional": true,
      "os": [
        "win32"
      ]
    }
  }
}
